
Microsoft Visual Studio Solution File, Format Version 12.00
Project("{2150E333-8FDC-42A3-9474-1A3956D46DE8}") = "WebApi", "WebApi", "{8A5F6057-CE53-462D-A743-2D25C38D4C25}"
EndProject
Project("{2150E333-8FDC-42A3-9474-1A3956D46DE8}") = "Domain", "Domain", "{09903618-ECDD-46E1-8CAD-B1F0573E75AC}"
EndProject
Project("{2150E333-8FDC-42A3-9474-1A3956D46DE8}") = "Application", "Application", "{AE1F45B6-4C87-458E-8480-DED564B16F5D}"
EndProject
Project("{2150E333-8FDC-42A3-9474-1A3956D46DE8}") = "Infrastructure", "Infrastructure", "{5712BCAB-5D2B-4959-9C28-0E3E65603DF7}"
EndProject
Project("{FAE04EC0-301F-11D3-BF4B-00C04F79EFBC}") = "LobsterInk.Adventure.Api", "src\LobsterInk.Adventure.Api\LobsterInk.Adventure.Api.csproj", "{A8EC9C89-572A-4FF4-838B-C66B06506E08}"
EndProject
Project("{FAE04EC0-301F-11D3-BF4B-00C04F79EFBC}") = "LobsterInk.Adventure.Infrastructure", "src\LobsterInk.Adventure.Infrastructure\LobsterInk.Adventure.Infrastructure.csproj", "{E3D65102-A929-4723-9CA7-ABB09B3F5BFA}"
EndProject
Project("{FAE04EC0-301F-11D3-BF4B-00C04F79EFBC}") = "LobsterInk.Adventure.Domain", "src\LobsterInk.Adventure.Domain\LobsterInk.Adventure.Domain.csproj", "{C224B19D-5758-49AD-8395-A8B43592BDE4}"
EndProject
Project("{FAE04EC0-301F-11D3-BF4B-00C04F79EFBC}") = "LobsterInk.Adventure.Application", "src\LobsterInk.Adventure.Application\LobsterInk.Adventure.Application.csproj", "{8EECA4FF-DCCD-4190-8808-5F1DA4B46891}"
EndProject
Project("{FAE04EC0-301F-11D3-BF4B-00C04F79EFBC}") = "LobsterInk.Application.Abstraction", "src\LobsterInk.Application.Abstraction\LobsterInk.Application.Abstraction.csproj", "{BC33FDEE-5F5D-48F0-8C54-6DD50ABDD25A}"
EndProject
Project("{2150E333-8FDC-42A3-9474-1A3956D46DE8}") = "src", "src", "{37C840DF-3867-403C-8F70-C957BC54071A}"
EndProject
Project("{2150E333-8FDC-42A3-9474-1A3956D46DE8}") = "test", "test", "{AF0EABF6-3601-41F9-A0AF-9F9BFE7A0ADE}"
EndProject
Project("{2150E333-8FDC-42A3-9474-1A3956D46DE8}") = "UnitTests", "UnitTests", "{BC954674-0B9D-4319-AE32-73715C599A53}"
EndProject
Project("{FAE04EC0-301F-11D3-BF4B-00C04F79EFBC}") = "LobsterInk.Adventure.UnitTests", "test\LobsterInk.Adventure.UnitTests\LobsterInk.Adventure.UnitTests.csproj", "{F5D8CE90-2E74-48BA-9818-2EA24F15A35E}"
EndProject
Project("{FAE04EC0-301F-11D3-BF4B-00C04F79EFBC}") = "LobsterInk.Adventure.IntegrationTests", "test\LobsterInk.Adventure.IntegrationTests\LobsterInk.Adventure.IntegrationTests.csproj", "{E1AACD52-69F4-4573-8D07-608BD474EDF2}"
EndProject
Project("{2150E333-8FDC-42A3-9474-1A3956D46DE8}") = "IntegrationTests", "IntegrationTests", "{A80D2128-E90A-4ECD-9CFB-F2922302013E}"
EndProject
Global
	GlobalSection(SolutionConfigurationPlatforms) = preSolution
		Debug|Any CPU = Debug|Any CPU
		Release|Any CPU = Release|Any CPU
	EndGlobalSection
	GlobalSection(ProjectConfigurationPlatforms) = postSolution
		{A8EC9C89-572A-4FF4-838B-C66B06506E08}.Debug|Any CPU.ActiveCfg = Debug|Any CPU
		{A8EC9C89-572A-4FF4-838B-C66B06506E08}.Debug|Any CPU.Build.0 = Debug|Any CPU
		{A8EC9C89-572A-4FF4-838B-C66B06506E08}.Release|Any CPU.ActiveCfg = Release|Any CPU
		{A8EC9C89-572A-4FF4-838B-C66B06506E08}.Release|Any CPU.Build.0 = Release|Any CPU
		{E3D65102-A929-4723-9CA7-ABB09B3F5BFA}.Debug|Any CPU.ActiveCfg = Debug|Any CPU
		{E3D65102-A929-4723-9CA7-ABB09B3F5BFA}.Debug|Any CPU.Build.0 = Debug|Any CPU
		{E3D65102-A929-4723-9CA7-ABB09B3F5BFA}.Release|Any CPU.ActiveCfg = Release|Any CPU
		{E3D65102-A929-4723-9CA7-ABB09B3F5BFA}.Release|Any CPU.Build.0 = Release|Any CPU
		{C224B19D-5758-49AD-8395-A8B43592BDE4}.Debug|Any CPU.ActiveCfg = Debug|Any CPU
		{C224B19D-5758-49AD-8395-A8B43592BDE4}.Debug|Any CPU.Build.0 = Debug|Any CPU
		{C224B19D-5758-49AD-8395-A8B43592BDE4}.Release|Any CPU.ActiveCfg = Release|Any CPU
		{C224B19D-5758-49AD-8395-A8B43592BDE4}.Release|Any CPU.Build.0 = Release|Any CPU
		{8EECA4FF-DCCD-4190-8808-5F1DA4B46891}.Debug|Any CPU.ActiveCfg = Debug|Any CPU
		{8EECA4FF-DCCD-4190-8808-5F1DA4B46891}.Debug|Any CPU.Build.0 = Debug|Any CPU
		{8EECA4FF-DCCD-4190-8808-5F1DA4B46891}.Release|Any CPU.ActiveCfg = Release|Any CPU
		{8EECA4FF-DCCD-4190-8808-5F1DA4B46891}.Release|Any CPU.Build.0 = Release|Any CPU
		{BC33FDEE-5F5D-48F0-8C54-6DD50ABDD25A}.Debug|Any CPU.ActiveCfg = Debug|Any CPU
		{BC33FDEE-5F5D-48F0-8C54-6DD50ABDD25A}.Debug|Any CPU.Build.0 = Debug|Any CPU
		{BC33FDEE-5F5D-48F0-8C54-6DD50ABDD25A}.Release|Any CPU.ActiveCfg = Release|Any CPU
		{BC33FDEE-5F5D-48F0-8C54-6DD50ABDD25A}.Release|Any CPU.Build.0 = Release|Any CPU
		{F5D8CE90-2E74-48BA-9818-2EA24F15A35E}.Debug|Any CPU.ActiveCfg = Debug|Any CPU
		{F5D8CE90-2E74-48BA-9818-2EA24F15A35E}.Debug|Any CPU.Build.0 = Debug|Any CPU
		{F5D8CE90-2E74-48BA-9818-2EA24F15A35E}.Release|Any CPU.ActiveCfg = Release|Any CPU
		{F5D8CE90-2E74-48BA-9818-2EA24F15A35E}.Release|Any CPU.Build.0 = Release|Any CPU
		{E1AACD52-69F4-4573-8D07-608BD474EDF2}.Debug|Any CPU.ActiveCfg = Debug|Any CPU
		{E1AACD52-69F4-4573-8D07-608BD474EDF2}.Debug|Any CPU.Build.0 = Debug|Any CPU
		{E1AACD52-69F4-4573-8D07-608BD474EDF2}.Release|Any CPU.ActiveCfg = Release|Any CPU
		{E1AACD52-69F4-4573-8D07-608BD474EDF2}.Release|Any CPU.Build.0 = Release|Any CPU
	EndGlobalSection
	GlobalSection(NestedProjects) = preSolution
		{A8EC9C89-572A-4FF4-838B-C66B06506E08} = {8A5F6057-CE53-462D-A743-2D25C38D4C25}
		{E3D65102-A929-4723-9CA7-ABB09B3F5BFA} = {5712BCAB-5D2B-4959-9C28-0E3E65603DF7}
		{C224B19D-5758-49AD-8395-A8B43592BDE4} = {09903618-ECDD-46E1-8CAD-B1F0573E75AC}
		{8EECA4FF-DCCD-4190-8808-5F1DA4B46891} = {AE1F45B6-4C87-458E-8480-DED564B16F5D}
		{BC33FDEE-5F5D-48F0-8C54-6DD50ABDD25A} = {AE1F45B6-4C87-458E-8480-DED564B16F5D}
		{AE1F45B6-4C87-458E-8480-DED564B16F5D} = {37C840DF-3867-403C-8F70-C957BC54071A}
		{09903618-ECDD-46E1-8CAD-B1F0573E75AC} = {37C840DF-3867-403C-8F70-C957BC54071A}
		{5712BCAB-5D2B-4959-9C28-0E3E65603DF7} = {37C840DF-3867-403C-8F70-C957BC54071A}
		{8A5F6057-CE53-462D-A743-2D25C38D4C25} = {37C840DF-3867-403C-8F70-C957BC54071A}
		{BC954674-0B9D-4319-AE32-73715C599A53} = {AF0EABF6-3601-41F9-A0AF-9F9BFE7A0ADE}
		{F5D8CE90-2E74-48BA-9818-2EA24F15A35E} = {BC954674-0B9D-4319-AE32-73715C599A53}
		{A80D2128-E90A-4ECD-9CFB-F2922302013E} = {AF0EABF6-3601-41F9-A0AF-9F9BFE7A0ADE}
		{E1AACD52-69F4-4573-8D07-608BD474EDF2} = {A80D2128-E90A-4ECD-9CFB-F2922302013E}
	EndGlobalSection
EndGlobal
